{
  "version": "5",
  "remote": {
    "https://edge.netlify.com/": "fd941d61d88673d5f28aab283fb86fcc50f08a3bc80ee5470498fcfa88c65cfb",
    "https://edge.netlify.com/bootstrap/config.ts": "6a2ce0e544e15e8f8883a5c18da5948e37fd0f2619f68cb31f3af53c51817025",
    "https://edge.netlify.com/bootstrap/context.ts": "e97240232121e2f369f6546ce961490f34d961ea1ea54be3ff09633e3f08373f",
    "https://edge.netlify.com/bootstrap/cookie.ts": "8b0baae708989ca183c6f3b4ab3d029e6abcbc2e43f93edeb0ff447b3bbc3a05",
    "https://edge.netlify.com/bootstrap/edge_function.ts": "b8253e86aa83c67341f5cfedeba5049d77fbf84dcab7eceff7566b7728ae9b39",
    "https://edge.netlify.com/bootstrap/globals/types.ts": "eaa6148ded3121d8dee62dd91c86e7fe76601df0f3ca8d7962243a30f4c8935f"
  },
  "workspace": {
    "packageJson": {
      "dependencies": [
        "npm:@babel/core@^7.26.0",
        "npm:@netlify/functions@3",
        "npm:@turf/simplify@^7.1.0",
        "npm:@types/canvas-confetti@^1.9.0",
        "npm:@types/chess.js@~0.13.7",
        "npm:@types/d3@^7.4.3",
        "npm:@types/geojson@^7946.0.15",
        "npm:@types/node@^22.10.2",
        "npm:@typescript-eslint/eslint-plugin@^8.18.1",
        "npm:@typescript-eslint/parser@^8.18.1",
        "npm:@vitejs/plugin-vue@^5.2.1",
        "npm:@vue/cli-plugin-babel@~5.0.8",
        "npm:@vue/cli-plugin-eslint@~5.0.8",
        "npm:@vue/cli-plugin-router@~5.0.8",
        "npm:@vue/cli-plugin-typescript@~5.0.8",
        "npm:@vue/cli-service@~5.0.8",
        "npm:@vue/compiler-sfc@^3.5.13",
        "npm:@vue/eslint-config-prettier@^10.1.0",
        "npm:@vue/eslint-config-typescript@^14.1.4",
        "npm:@vuepic/vue-datepicker@10",
        "npm:@vueuse/core@^12.1.0",
        "npm:autoprefixer@^10.4.20",
        "npm:canvas-confetti@^1.9.3",
        "npm:chart.js@^4.4.7",
        "npm:chess.js@1.0.0-beta.8",
        "npm:d3@^7.9.0",
        "npm:date-fns@^4.1.0",
        "npm:eslint-plugin-prettier@^5.2.1",
        "npm:eslint-plugin-vue@^9.32.0",
        "npm:eslint@^9.17.0",
        "npm:faunadb@^4.8.2",
        "npm:fuse.js@7",
        "npm:hex-rgb@5",
        "npm:indexes-of@^1.0.1",
        "npm:js-sha256@0.11",
        "npm:lint-staged@^15.2.11",
        "npm:ordinal@^1.0.3",
        "npm:pinia@^2.3.0",
        "npm:pixi.js@^8.6.6",
        "npm:postcss@^8.4.49",
        "npm:prettier-plugin-tailwindcss@~0.6.9",
        "npm:prettier@^3.4.2",
        "npm:sass@^1.83.0",
        "npm:simple-base-converter@^1.0.19",
        "npm:tailwindcss@^3.4.17",
        "npm:typescript@^5.7.2",
        "npm:vite@^6.0.5",
        "npm:vue-dk-toast@^3.2.1",
        "npm:vue-router@^4.5.0",
        "npm:vue3-simple-typeahead@^1.0.11",
        "npm:vue@^3.5.13",
        "npm:vuedraggable@^4.1.0",
        "npm:word-list@^4.1.0"
      ]
    }
  }
}
